{
  "requires": true,
  "lockfileVersion": 1,
  "dependencies": {
    "hdjs": {
      "version": "4.0.18",
      "resolved": "https://registry.npmjs.org/hdjs/-/hdjs-4.0.18.tgz",
      "integrity": "sha512-BH3xJV9htxtbkRW4qn4Qmlrt6/rBzJZ6qp/WVHx4UrDGy6AguRQSrGflRskLYOTXvKRW4dThFyBBrm5CBekrXQ=="
    }
  }
}
